
Microsoft Visual Studio Solution File, Format Version 12.00
# Visual Studio Version 17
VisualStudioVersion = 17.13.35931.197
MinimumVisualStudioVersion = 10.0.40219.1
Project("{FAE04EC0-301F-11D3-BF4B-00C04F79EFBC}") = "MyPlanner.Application", "MyPlanner.Application\MyPlanner.Application.csproj", "{219CE185-1107-4363-92E1-64114B5ABD20}"
EndProject
Project("{FAE04EC0-301F-11D3-BF4B-00C04F79EFBC}") = "MyPlanner.Domain", "MyPlanner.Domain\MyPlanner.Domain.csproj", "{3FDB21FF-9E63-44A3-9DCE-D3FFABCB7CAD}"
EndProject
Project("{FAE04EC0-301F-11D3-BF4B-00C04F79EFBC}") = "MyPlanner.Infrastructure", "MyPlanner.Infrastructure\MyPlanner.Infrastructure.csproj", "{9EDFA7BF-6764-463C-9CA1-261F19601858}"
EndProject
Project("{FAE04EC0-301F-11D3-BF4B-00C04F79EFBC}") = "MyPlanner.Tests", "MyPlanner.Tests\MyPlanner.Tests.csproj", "{6F3EDF52-CDAE-45BB-87F1-E9E1D05476C7}"
EndProject
Project("{FAE04EC0-301F-11D3-BF4B-00C04F79EFBC}") = "MyPlanner.Api", "MyPlanner.Api\MyPlanner.Api.csproj", "{153CDD5A-72C5-4BDC-A246-F4EE1D4C2F0B}"
EndProject
Global
	GlobalSection(SolutionConfigurationPlatforms) = preSolution
		Debug|Any CPU = Debug|Any CPU
		Release|Any CPU = Release|Any CPU
	EndGlobalSection
	GlobalSection(ProjectConfigurationPlatforms) = postSolution
		{219CE185-1107-4363-92E1-64114B5ABD20}.Debug|Any CPU.ActiveCfg = Debug|Any CPU
		{219CE185-1107-4363-92E1-64114B5ABD20}.Debug|Any CPU.Build.0 = Debug|Any CPU
		{219CE185-1107-4363-92E1-64114B5ABD20}.Release|Any CPU.ActiveCfg = Release|Any CPU
		{219CE185-1107-4363-92E1-64114B5ABD20}.Release|Any CPU.Build.0 = Release|Any CPU
		{3FDB21FF-9E63-44A3-9DCE-D3FFABCB7CAD}.Debug|Any CPU.ActiveCfg = Debug|Any CPU
		{3FDB21FF-9E63-44A3-9DCE-D3FFABCB7CAD}.Debug|Any CPU.Build.0 = Debug|Any CPU
		{3FDB21FF-9E63-44A3-9DCE-D3FFABCB7CAD}.Release|Any CPU.ActiveCfg = Release|Any CPU
		{3FDB21FF-9E63-44A3-9DCE-D3FFABCB7CAD}.Release|Any CPU.Build.0 = Release|Any CPU
		{9EDFA7BF-6764-463C-9CA1-261F19601858}.Debug|Any CPU.ActiveCfg = Debug|Any CPU
		{9EDFA7BF-6764-463C-9CA1-261F19601858}.Debug|Any CPU.Build.0 = Debug|Any CPU
		{9EDFA7BF-6764-463C-9CA1-261F19601858}.Release|Any CPU.ActiveCfg = Release|Any CPU
		{9EDFA7BF-6764-463C-9CA1-261F19601858}.Release|Any CPU.Build.0 = Release|Any CPU
		{6F3EDF52-CDAE-45BB-87F1-E9E1D05476C7}.Debug|Any CPU.ActiveCfg = Debug|Any CPU
		{6F3EDF52-CDAE-45BB-87F1-E9E1D05476C7}.Debug|Any CPU.Build.0 = Debug|Any CPU
		{6F3EDF52-CDAE-45BB-87F1-E9E1D05476C7}.Release|Any CPU.ActiveCfg = Release|Any CPU
		{6F3EDF52-CDAE-45BB-87F1-E9E1D05476C7}.Release|Any CPU.Build.0 = Release|Any CPU
		{153CDD5A-72C5-4BDC-A246-F4EE1D4C2F0B}.Debug|Any CPU.ActiveCfg = Debug|Any CPU
		{153CDD5A-72C5-4BDC-A246-F4EE1D4C2F0B}.Debug|Any CPU.Build.0 = Debug|Any CPU
		{153CDD5A-72C5-4BDC-A246-F4EE1D4C2F0B}.Release|Any CPU.ActiveCfg = Release|Any CPU
		{153CDD5A-72C5-4BDC-A246-F4EE1D4C2F0B}.Release|Any CPU.Build.0 = Release|Any CPU
	EndGlobalSection
	GlobalSection(SolutionProperties) = preSolution
		HideSolutionNode = FALSE
	EndGlobalSection
	GlobalSection(ExtensibilityGlobals) = postSolution
		SolutionGuid = {2080AC3E-4755-4CF3-801E-5D7229249F21}
	EndGlobalSection
EndGlobal
